
Microsoft Visual Studio Solution File, Format Version 12.00
# Visual Studio Version 17
VisualStudioVersion = 17.5.002.0
MinimumVisualStudioVersion = 10.0.40219.1
Project("{9A19103F-16F7-4668-BE54-9A1E7A4F7556}") = ".NetTasks4", ".NetTasks4.csproj", "{FE2F124E-FC38-4EA2-8C26-4445797230BE}"
EndProject
Global
	GlobalSection(SolutionConfigurationPlatforms) = preSolution
		Debug|Any CPU = Debug|Any CPU
		Release|Any CPU = Release|Any CPU
	EndGlobalSection
	GlobalSection(ProjectConfigurationPlatforms) = postSolution
		{FE2F124E-FC38-4EA2-8C26-4445797230BE}.Debug|Any CPU.ActiveCfg = Debug|Any CPU
		{FE2F124E-FC38-4EA2-8C26-4445797230BE}.Debug|Any CPU.Build.0 = Debug|Any CPU
		{FE2F124E-FC38-4EA2-8C26-4445797230BE}.Release|Any CPU.ActiveCfg = Release|Any CPU
		{FE2F124E-FC38-4EA2-8C26-4445797230BE}.Release|Any CPU.Build.0 = Release|Any CPU
	EndGlobalSection
	GlobalSection(SolutionProperties) = preSolution
		HideSolutionNode = FALSE
	EndGlobalSection
	GlobalSection(ExtensibilityGlobals) = postSolution
		SolutionGuid = {5E5CB287-0F52-4F1F-A26C-37BA069AF5D7}
	EndGlobalSection
EndGlobal
